
Microsoft Visual Studio Solution File, Format Version 12.00
# Visual Studio Version 16
VisualStudioVersion = 16.0.33214.272
MinimumVisualStudioVersion = 10.0.40219.1
Project("{FAE04EC0-301F-11D3-BF4B-00C04F79EFBC}") = "Mission8_Group4-9", "Mission8_Group4-9\Mission8_Group4-9.csproj", "{0E0F62A4-4166-4CBE-AED1-477059352A8F}"
EndProject
Global
	GlobalSection(SolutionConfigurationPlatforms) = preSolution
		Debug|Any CPU = Debug|Any CPU
		Release|Any CPU = Release|Any CPU
	EndGlobalSection
	GlobalSection(ProjectConfigurationPlatforms) = postSolution
		{0E0F62A4-4166-4CBE-AED1-477059352A8F}.Debug|Any CPU.ActiveCfg = Debug|Any CPU
		{0E0F62A4-4166-4CBE-AED1-477059352A8F}.Debug|Any CPU.Build.0 = Debug|Any CPU
		{0E0F62A4-4166-4CBE-AED1-477059352A8F}.Release|Any CPU.ActiveCfg = Release|Any CPU
		{0E0F62A4-4166-4CBE-AED1-477059352A8F}.Release|Any CPU.Build.0 = Release|Any CPU
	EndGlobalSection
	GlobalSection(SolutionProperties) = preSolution
		HideSolutionNode = FALSE
	EndGlobalSection
	GlobalSection(ExtensibilityGlobals) = postSolution
		SolutionGuid = {1F7D2F2D-1226-4E52-96A0-32D87A138A7D}
	EndGlobalSection
EndGlobal
